
Microsoft Visual Studio Solution File, Format Version 11.00
# Visual C# Express 2010
Project("{FAE04EC0-301F-11D3-BF4B-00C04F79EFBC}") = "CardGame", "CardGame\CardGame.csproj", "{D0D604E3-11EE-4DA2-B778-762E9A91B96A}"
EndProject
Global
	GlobalSection(SolutionConfigurationPlatforms) = preSolution
		Debug|x86 = Debug|x86
		Release|x86 = Release|x86
	EndGlobalSection
	GlobalSection(ProjectConfigurationPlatforms) = postSolution
		{D0D604E3-11EE-4DA2-B778-762E9A91B96A}.Debug|x86.ActiveCfg = Debug|Any CPU
		{D0D604E3-11EE-4DA2-B778-762E9A91B96A}.Debug|x86.Build.0 = Debug|Any CPU
		{D0D604E3-11EE-4DA2-B778-762E9A91B96A}.Release|x86.ActiveCfg = Release|Any CPU
		{D0D604E3-11EE-4DA2-B778-762E9A91B96A}.Release|x86.Build.0 = Release|Any CPU
	EndGlobalSection
	GlobalSection(SolutionProperties) = preSolution
		HideSolutionNode = FALSE
	EndGlobalSection
EndGlobal
